// !$*UTF8*$!
{
	archiveVersion = 1;
	classes = {
	};
	objectVersion = 50;
	objects = {

/* Begin PBXBuildFile section */
		1435185E21034B8E000CFD85 /* AppDelegate.swift in Sources */ = {isa = PBXBuildFile; fileRef = 1435185D21034B8E000CFD85 /* AppDelegate.swift */; };
		1435186021034B8E000CFD85 /* FormViewController.swift in Sources */ = {isa = PBXBuildFile; fileRef = 1435185F21034B8E000CFD85 /* FormViewController.swift */; };
		1435186321034B8E000CFD85 /* Main.storyboard in Resources */ = {isa = PBXBuildFile; fileRef = 1435186121034B8E000CFD85 /* Main.storyboard */; };
		1435186521034B94000CFD85 /* Assets.xcassets in Resources */ = {isa = PBXBuildFile; fileRef = 1435186421034B94000CFD85 /* Assets.xcassets */; };
		1435186821034B94000CFD85 /* LaunchScreen.storyboard in Resources */ = {isa = PBXBuildFile; fileRef = 1435186621034B94000CFD85 /* LaunchScreen.storyboard */; };
		143518732103504C000CFD85 /* SobreViewController.swift in Sources */ = {isa = PBXBuildFile; fileRef = 143518722103504C000CFD85 /* SobreViewController.swift */; };
		1435187521035072000CFD85 /* HomeTableViewController.swift in Sources */ = {isa = PBXBuildFile; fileRef = 1435187421035072000CFD85 /* HomeTableViewController.swift */; };
		143518772103529C000CFD85 /* Personagem.swift in Sources */ = {isa = PBXBuildFile; fileRef = 143518762103529C000CFD85 /* Personagem.swift */; };
		1435187921035960000CFD85 /* Cadastro.swift in Sources */ = {isa = PBXBuildFile; fileRef = 1435187821035960000CFD85 /* Cadastro.swift */; };
		1435187D21037FDE000CFD85 /* Default-568h@2x.png in Resources */ = {isa = PBXBuildFile; fileRef = 1435187C21037FDD000CFD85 /* Default-568h@2x.png */; };
/* End PBXBuildFile section */

/* Begin PBXFileReference section */
		1435185A21034B8E000CFD85 /* LigaDaJustica.app */ = {isa = PBXFileReference; explicitFileType = wrapper.application; includeInIndex = 0; path = LigaDaJustica.app; sourceTree = BUILT_PRODUCTS_DIR; };
		1435185D21034B8E000CFD85 /* AppDelegate.swift */ = {isa = PBXFileReference; lastKnownFileType = sourcecode.swift; path = AppDelegate.swift; sourceTree = "<group>"; };
		1435185F21034B8E000CFD85 /* FormViewController.swift */ = {isa = PBXFileReference; lastKnownFileType = sourcecode.swift; path = FormViewController.swift; sourceTree = "<group>"; };
		1435186221034B8E000CFD85 /* Base */ = {isa = PBXFileReference; lastKnownFileType = file.storyboard; name = Base; path = Base.lproj/Main.storyboard; sourceTree = "<group>"; };
		1435186421034B94000CFD85 /* Assets.xcassets */ = {isa = PBXFileReference; lastKnownFileType = folder.assetcatalog; path = Assets.xcassets; sourceTree = "<group>"; };
		1435186721034B94000CFD85 /* Base */ = {isa = PBXFileReference; lastKnownFileType = file.storyboard; name = Base; path = Base.lproj/LaunchScreen.storyboard; sourceTree = "<group>"; };
		1435186921034B94000CFD85 /* Info.plist */ = {isa = PBXFileReference; lastKnownFileType = text.plist.xml; path = Info.plist; sourceTree = "<group>"; };
		143518722103504C000CFD85 /* SobreViewController.swift */ = {isa = PBXFileReference; lastKnownFileType = sourcecode.swift; path = SobreViewController.swift; sourceTree = "<group>"; };
		1435187421035072000CFD85 /* HomeTableViewController.swift */ = {isa = PBXFileReference; lastKnownFileType = sourcecode.swift; path = HomeTableViewController.swift; sourceTree = "<group>"; };
		143518762103529C000CFD85 /* Personagem.swift */ = {isa = PBXFileReference; lastKnownFileType = sourcecode.swift; path = Personagem.swift; sourceTree = "<group>"; };
		1435187821035960000CFD85 /* Cadastro.swift */ = {isa = PBXFileReference; lastKnownFileType = sourcecode.swift; path = Cadastro.swift; sourceTree = "<group>"; };
		1435187C21037FDD000CFD85 /* Default-568h@2x.png */ = {isa = PBXFileReference; lastKnownFileType = image.png; path = "Default-568h@2x.png"; sourceTree = "<group>"; };
/* End PBXFileReference section */

/* Begin PBXFrameworksBuildPhase section */
		1435185721034B8E000CFD85 /* Frameworks */ = {
			isa = PBXFrameworksBuildPhase;
			buildActionMask = 2147483647;
			files = (
			);
			runOnlyForDeploymentPostprocessing = 0;
		};
/* End PBXFrameworksBuildPhase section */

/* Begin PBXGroup section */
		1435185121034B8E000CFD85 = {
			isa = PBXGroup;
			children = (
				1435187C21037FDD000CFD85 /* Default-568h@2x.png */,
				1435185C21034B8E000CFD85 /* LigaDaJustica */,
				1435185B21034B8E000CFD85 /* Products */,
			);
			sourceTree = "<group>";
		};
		1435185B21034B8E000CFD85 /* Products */ = {
			isa = PBXGroup;
			children = (
				1435185A21034B8E000CFD85 /* LigaDaJustica.app */,
			);
			name = Products;
			sourceTree = "<group>";
		};
		1435185C21034B8E000CFD85 /* LigaDaJustica */ = {
			isa = PBXGroup;
			children = (
				1435187121034FDC000CFD85 /* controller */,
				1435187021034FD4000CFD85 /* view */,
				1435186F21034FC3000CFD85 /* model */,
				1435185D21034B8E000CFD85 /* AppDelegate.swift */,
				1435186421034B94000CFD85 /* Assets.xcassets */,
				1435186621034B94000CFD85 /* LaunchScreen.storyboard */,
				1435186921034B94000CFD85 /* Info.plist */,
			);
			path = LigaDaJustica;
			sourceTree = "<group>";
		};
		1435186F21034FC3000CFD85 /* model */ = {
			isa = PBXGroup;
			children = (
				143518762103529C000CFD85 /* Personagem.swift */,
				1435187821035960000CFD85 /* Cadastro.swift */,
			);
			path = model;
			sourceTree = "<group>";
		};
		1435187021034FD4000CFD85 /* view */ = {
			isa = PBXGroup;
			children = (
				1435186121034B8E000CFD85 /* Main.storyboard */,
			);
			path = view;
			sourceTree = "<group>";
		};
		1435187121034FDC000CFD85 /* controller */ = {
			isa = PBXGroup;
			children = (
				1435185F21034B8E000CFD85 /* FormViewController.swift */,
				143518722103504C000CFD85 /* SobreViewController.swift */,
				1435187421035072000CFD85 /* HomeTableViewController.swift */,
			);
			path = controller;
			sourceTree = "<group>";
		};
/* End PBXGroup section */

/* Begin PBXNativeTarget section */
		1435185921034B8E000CFD85 /* LigaDaJustica */ = {
			isa = PBXNativeTarget;
			buildConfigurationList = 1435186C21034B94000CFD85 /* Build configuration list for PBXNativeTarget "LigaDaJustica" */;
			buildPhases = (
				1435185621034B8E000CFD85 /* Sources */,
				1435185721034B8E000CFD85 /* Frameworks */,
				1435185821034B8E000CFD85 /* Resources */,
			);
			buildRules = (
			);
			dependencies = (
			);
			name = LigaDaJustica;
			productName = LigaDaJustica;
			productReference = 1435185A21034B8E000CFD85 /* LigaDaJustica.app */;
			productType = "com.apple.product-type.application";
		};
/* End PBXNativeTarget section */

/* Begin PBXProject section */
		1435185221034B8E000CFD85 /* Project object */ = {
			isa = PBXProject;
			attributes = {
				LastSwiftUpdateCheck = 0940;
				LastUpgradeCheck = 0940;
				ORGANIZATIONNAME = IFPB;
				TargetAttributes = {
					1435185921034B8E000CFD85 = {
						CreatedOnToolsVersion = 9.4.1;
					};
				};
			};
			buildConfigurationList = 1435185521034B8E000CFD85 /* Build configuration list for PBXProject "LigaDaJustica" */;
			compatibilityVersion = "Xcode 9.3";
			developmentRegion = en;
			hasScannedForEncodings = 0;
			knownRegions = (
				en,
				Base,
			);
			mainGroup = 1435185121034B8E000CFD85;
			productRefGroup = 1435185B21034B8E000CFD85 /* Products */;
			projectDirPath = "";
			projectRoot = "";
			targets = (
				1435185921034B8E000CFD85 /* LigaDaJustica */,
			);
		};
/* End PBXProject section */

/* Begin PBXResourcesBuildPhase section */
		1435185821034B8E000CFD85 /* Resources */ = {
			isa = PBXResourcesBuildPhase;
			buildActionMask = 2147483647;
			files = (
				1435186821034B94000CFD85 /* LaunchScreen.storyboard in Resources */,
				1435187D21037FDE000CFD85 /* Default-568h@2x.png in Resources */,
				1435186521034B94000CFD85 /* Assets.xcassets in Resources */,
				1435186321034B8E000CFD85 /* Main.storyboard in Resources */,
			);
			runOnlyForDeploymentPostprocessing = 0;
		};
/* End PBXResourcesBuildPhase section */

/* Begin PBXSourcesBuildPhase section */
		1435185621034B8E000CFD85 /* Sources */ = {
			isa = PBXSourcesBuildPhase;
			buildActionMask = 2147483647;
			files = (
				1435187921035960000CFD85 /* Cadastro.swift in Sources */,
				1435187521035072000CFD85 /* HomeTableViewController.swift in Sources */,
				143518772103529C000CFD85 /* Personagem.swift in Sources */,
				143518732103504C000CFD85 /* SobreViewController.swift in Sources */,
				1435186021034B8E000CFD85 /* FormViewController.swift in Sources */,
				1435185E21034B8E000CFD85 /* AppDelegate.swift in Sources */,
			);
			runOnlyForDeploymentPostprocessing = 0;
		};
/* End PBXSourcesBuildPhase section */

/* Begin PBXVariantGroup section */
		1435186121034B8E000CFD85 /* Main.storyboard */ = {
			isa = PBXVariantGroup;
			children = (
				1435186221034B8E000CFD85 /* Base */,
			);
			name = Main.storyboard;
			sourceTree = "<group>";
		};
		1435186621034B94000CFD85 /* LaunchScreen.storyboard */ = {
			isa = PBXVariantGroup;
			children = (
				1435186721034B94000CFD85 /* Base */,
			);
			name = LaunchScreen.storyboard;
			sourceTree = "<group>";
		};
/* End PBXVariantGroup section */

/* Begin XCBuildConfiguration section */
		1435186A21034B94000CFD85 /* Debug */ = {
			isa = XCBuildConfiguration;
			buildSettings = {
				ALWAYS_SEARCH_USER_PATHS = NO;
				CLANG_ANALYZER_NONNULL = YES;
				CLANG_ANALYZER_NUMBER_OBJECT_CONVERSION = YES_AGGRESSIVE;
				CLANG_CXX_LANGUAGE_STANDARD = "gnu++14";
				CLANG_CXX_LIBRARY = "libc++";
				CLANG_ENABLE_MODULES = YES;
				CLANG_ENABLE_OBJC_ARC = YES;
				CLANG_ENABLE_OBJC_WEAK = YES;
				CLANG_WARN_BLOCK_CAPTURE_AUTORELEASING = YES;
				CLANG_WARN_BOOL_CONVERSION = YES;
				CLANG_WARN_COMMA = YES;
				CLANG_WARN_CONSTANT_CONVERSION = YES;
				CLANG_WARN_DEPRECATED_OBJC_IMPLEMENTATIONS = YES;
				CLANG_WARN_DIRECT_OBJC_ISA_USAGE = YES_ERROR;
				CLANG_WARN_DOCUMENTATION_COMMENTS = YES;
				CLANG_WARN_EMPTY_BODY = YES;
				CLANG_WARN_ENUM_CONVERSION = YES;
				CLANG_WARN_INFINITE_RECURSION = YES;
				CLANG_WARN_INT_CONVERSION = YES;
				CLANG_WARN_NON_LITERAL_NULL_CONVERSION = YES;
				CLANG_WARN_OBJC_IMPLICIT_RETAIN_SELF = YES;
				CLANG_WARN_OBJC_LITERAL_CONVERSION = YES;
				CLANG_WARN_OBJC_ROOT_CLASS = YES_ERROR;
				CLANG_WARN_RANGE_LOOP_ANALYSIS = YES;
				CLANG_WARN_STRICT_PROTOTYPES = YES;
				CLANG_WARN_SUSPICIOUS_MOVE = YES;
				CLANG_WARN_UNGUARDED_AVAILABILITY = YES_AGGRESSIVE;
				CLANG_WARN_UNREACHABLE_CODE = YES;
				CLANG_WARN__DUPLICATE_METHOD_MATCH = YES;
				CODE_SIGN_IDENTITY = "iPhone Developer";
				COPY_PHASE_STRIP = NO;
				DEBUG_INFORMATION_FORMAT = dwarf;
				ENABLE_STRICT_OBJC_MSGSEND = YES;
				ENABLE_TESTABILITY = YES;
				GCC_C_LANGUAGE_STANDARD = gnu11;
				GCC_DYNAMIC_NO_PIC = NO;
				GCC_NO_COMMON_BLOCKS = YES;
				GCC_OPTIMIZATION_LEVEL = 0;
				GCC_PREPROCESSOR_DEFINITIONS = (
					"DEBUG=1",
					"$(inherited)",
				);
				GCC_WARN_64_TO_32_BIT_CONVERSION = YES;
				GCC_WARN_ABOUT_RETURN_TYPE = YES_ERROR;
				GCC_WARN_UNDECLARED_SELECTOR = YES;
				GCC_WARN_UNINITIALIZED_AUTOS = YES_AGGRESSIVE;
				GCC_WARN_UNUSED_FUNCTION = YES;
				GCC_WARN_UNUSED_VARIABLE = YES;
				IPHONEOS_DEPLOYMENT_TARGET = 11.4;
				MTL_ENABLE_DEBUG_INFO = YES;
				ONLY_ACTIVE_ARCH = YES;
				SDKROOT = iphoneos;
				SWIFT_ACTIVE_COMPILATION_CONDITIONS = DEBUG;
				SWIFT_OPTIMIZATION_LEVEL = "-Onone";
			};
			name = Debug;
		};
		1435186B21034B94000CFD85 /* Release */ = {
			isa = XCBuildConfiguration;
			buildSettings = {
				ALWAYS_SEARCH_USER_PATHS = NO;
				CLANG_ANALYZER_NONNULL = YES;
				CLANG_ANALYZER_NUMBER_OBJECT_CONVERSION = YES_AGGRESSIVE;
				CLANG_CXX_LANGUAGE_STANDARD = "gnu++14";
				CLANG_CXX_LIBRARY = "libc++";
				CLANG_ENABLE_MODULES = YES;
				CLANG_ENABLE_OBJC_ARC = YES;
				CLANG_ENABLE_OBJC_WEAK = YES;
				CLANG_WARN_BLOCK_CAPTURE_AUTORELEASING = YES;
				CLANG_WARN_BOOL_CONVERSION = YES;
				CLANG_WARN_COMMA = YES;
				CLANG_WARN_CONSTANT_CONVERSION = YES;
				CLANG_WARN_DEPRECATED_OBJC_IMPLEMENTATIONS = YES;
				CLANG_WARN_DIRECT_OBJC_ISA_USAGE = YES_ERROR;
				CLANG_WARN_DOCUMENTATION_COMMENTS = YES;
				CLANG_WARN_EMPTY_BODY = YES;
				CLANG_WARN_ENUM_CONVERSION = YES;
				CLANG_WARN_INFINITE_RECURSION = YES;
				CLANG_WARN_INT_CONVERSION = YES;
				CLANG_WARN_NON_LITERAL_NULL_CONVERSION = YES;
				CLANG_WARN_OBJC_IMPLICIT_RETAIN_SELF = YES;
				CLANG_WARN_OBJC_LITERAL_CONVERSION = YES;
				CLANG_WARN_OBJC_ROOT_CLASS = YES_ERROR;
				CLANG_WARN_RANGE_LOOP_ANALYSIS = YES;
				CLANG_WARN_STRICT_PROTOTYPES = YES;
				CLANG_WARN_SUSPICIOUS_MOVE = YES;
				CLANG_WARN_UNGUARDED_AVAILABILITY = YES_AGGRESSIVE;
				CLANG_WARN_UNREACHABLE_CODE = YES;
				CLANG_WARN__DUPLICATE_METHOD_MATCH = YES;
				CODE_SIGN_IDENTITY = "iPhone Developer";
				COPY_PHASE_STRIP = NO;
				DEBUG_INFORMATION_FORMAT = "dwarf-with-dsym";
				ENABLE_NS_ASSERTIONS = NO;
				ENABLE_STRICT_OBJC_MSGSEND = YES;
				GCC_C_LANGUAGE_STANDARD = gnu11;
				GCC_NO_COMMON_BLOCKS = YES;
				GCC_WARN_64_TO_32_BIT_CONVERSION = YES;
				GCC_WARN_ABOUT_RETURN_TYPE = YES_ERROR;
				GCC_WARN_UNDECLARED_SELECTOR = YES;
				GCC_WARN_UNINITIALIZED_AUTOS = YES_AGGRESSIVE;
				GCC_WARN_UNUSED_FUNCTION = YES;
				GCC_WARN_UNUSED_VARIABLE = YES;
				IPHONEOS_DEPLOYMENT_TARGET = 11.4;
				MTL_ENABLE_DEBUG_INFO = NO;
				SDKROOT = iphoneos;
				SWIFT_COMPILATION_MODE = wholemodule;
				SWIFT_OPTIMIZATION_LEVEL = "-O";
				VALIDATE_PRODUCT = YES;
			};
			name = Release;
		};
		1435186D21034B94000CFD85 /* Debug */ = {
			isa = XCBuildConfiguration;
			buildSettings = {
				ASSETCATALOG_COMPILER_APPICON_NAME = AppIcon;
				CODE_SIGN_STYLE = Automatic;
				INFOPLIST_FILE = LigaDaJustica/Info.plist;
				LD_RUNPATH_SEARCH_PATHS = (
					"$(inherited)",
					"@executable_path/Frameworks",
				);
				PRODUCT_BUNDLE_IDENTIFIER = br.edu.ifpb.teste.LigaDaJustica;
				PRODUCT_NAME = "$(TARGET_NAME)";
				SWIFT_VERSION = 4.0;
				TARGETED_DEVICE_FAMILY = "1,2";
			};
			name = Debug;
		};
		1435186E21034B94000CFD85 /* Release */ = {
			isa = XCBuildConfiguration;
			buildSettings = {
				ASSETCATALOG_COMPILER_APPICON_NAME = AppIcon;
				CODE_SIGN_STYLE = Automatic;
				INFOPLIST_FILE = LigaDaJustica/Info.plist;
				LD_RUNPATH_SEARCH_PATHS = (
					"$(inherited)",
					"@executable_path/Frameworks",
				);
				PRODUCT_BUNDLE_IDENTIFIER = br.edu.ifpb.teste.LigaDaJustica;
				PRODUCT_NAME = "$(TARGET_NAME)";
				SWIFT_VERSION = 4.0;
				TARGETED_DEVICE_FAMILY = "1,2";
			};
			name = Release;
		};
/* End XCBuildConfiguration section */

/* Begin XCConfigurationList section */
		1435185521034B8E000CFD85 /* Build configuration list for PBXProject "LigaDaJustica" */ = {
			isa = XCConfigurationList;
			buildConfigurations = (
				1435186A21034B94000CFD85 /* Debug */,
				1435186B21034B94000CFD85 /* Release */,
			);
			defaultConfigurationIsVisible = 0;
			defaultConfigurationName = Release;
		};
		1435186C21034B94000CFD85 /* Build configuration list for PBXNativeTarget "LigaDaJustica" */ = {
			isa = XCConfigurationList;
			buildConfigurations = (
				1435186D21034B94000CFD85 /* Debug */,
				1435186E21034B94000CFD85 /* Release */,
			);
			defaultConfigurationIsVisible = 0;
			defaultConfigurationName = Release;
		};
/* End XCConfigurationList section */
	};
	rootObject = 1435185221034B8E000CFD85 /* Project object */;
}
